
Microsoft Visual Studio Solution File, Format Version 12.00
# Visual Studio Version 17
VisualStudioVersion = 17.14.36518.9
MinimumVisualStudioVersion = 10.0.40219.1
Project("{2150E333-8FDC-42A3-9474-1A3956D46DE8}") = "Infrastructure", "Infrastructure", "{02EA681E-C7D8-13C7-8484-4AC65E1B71E8}"
EndProject
Project("{FAE04EC0-301F-11D3-BF4B-00C04F79EFBC}") = "DataContext", "DataContext\DataContext.csproj", "{38EF4D89-C20F-47DC-BE09-791F01A340BC}"
EndProject
Project("{2150E333-8FDC-42A3-9474-1A3956D46DE8}") = "Host", "Host", "{C01AAD6B-13FF-4A9C-9510-467AC23AF89E}"
EndProject
Project("{FAE04EC0-301F-11D3-BF4B-00C04F79EFBC}") = "WebApi", "WebApi\WebApi.csproj", "{2DD12FD8-34C6-4A9B-9E28-633AA3AC8B7C}"
EndProject
Project("{2150E333-8FDC-42A3-9474-1A3956D46DE8}") = "Domain", "Domain", "{87E1D4B0-AF22-4BA1-873D-11C063F6CB55}"
EndProject
Project("{FAE04EC0-301F-11D3-BF4B-00C04F79EFBC}") = "Core.QuanLyNhanSu", "Core.QuanLyNhanSu\Core.QuanLyNhanSu.csproj", "{BD9C4C3B-E072-4440-B142-E915FA698252}"
EndProject
Project("{FAE04EC0-301F-11D3-BF4B-00C04F79EFBC}") = "Common", "Common\Common.csproj", "{61E33E99-260A-4F75-B468-4C3AC63433D2}"
EndProject
Project("{FAE04EC0-301F-11D3-BF4B-00C04F79EFBC}") = "Core.BanHang", "Core.BanHang\Core.BanHang.csproj", "{C2DA7523-A12F-4DA1-9752-6293EF6385EF}"
EndProject
Project("{FAE04EC0-301F-11D3-BF4B-00C04F79EFBC}") = "Core.Kho", "Core.Kho\Core.Kho.csproj", "{2DE70D4F-DA22-4C8C-888C-35CBE9F68C18}"
EndProject
Project("{FAE04EC0-301F-11D3-BF4B-00C04F79EFBC}") = "Core.MuaHang", "Core.MuaHang\Core.MuaHang.csproj", "{789DD836-BE25-4531-9363-ED82B5F398F6}"
EndProject
Project("{FAE04EC0-301F-11D3-BF4B-00C04F79EFBC}") = "Core.SanXuat", "Core.SanXuat\Core.SanXuat.csproj", "{5F016176-7169-4E1A-9518-3394D3EDF09E}"
EndProject
Global
	GlobalSection(SolutionConfigurationPlatforms) = preSolution
		Debug|Any CPU = Debug|Any CPU
		Release|Any CPU = Release|Any CPU
	EndGlobalSection
	GlobalSection(ProjectConfigurationPlatforms) = postSolution
		{38EF4D89-C20F-47DC-BE09-791F01A340BC}.Debug|Any CPU.ActiveCfg = Debug|Any CPU
		{38EF4D89-C20F-47DC-BE09-791F01A340BC}.Debug|Any CPU.Build.0 = Debug|Any CPU
		{38EF4D89-C20F-47DC-BE09-791F01A340BC}.Release|Any CPU.ActiveCfg = Release|Any CPU
		{38EF4D89-C20F-47DC-BE09-791F01A340BC}.Release|Any CPU.Build.0 = Release|Any CPU
		{2DD12FD8-34C6-4A9B-9E28-633AA3AC8B7C}.Debug|Any CPU.ActiveCfg = Debug|Any CPU
		{2DD12FD8-34C6-4A9B-9E28-633AA3AC8B7C}.Debug|Any CPU.Build.0 = Debug|Any CPU
		{2DD12FD8-34C6-4A9B-9E28-633AA3AC8B7C}.Release|Any CPU.ActiveCfg = Release|Any CPU
		{2DD12FD8-34C6-4A9B-9E28-633AA3AC8B7C}.Release|Any CPU.Build.0 = Release|Any CPU
		{BD9C4C3B-E072-4440-B142-E915FA698252}.Debug|Any CPU.ActiveCfg = Debug|Any CPU
		{BD9C4C3B-E072-4440-B142-E915FA698252}.Debug|Any CPU.Build.0 = Debug|Any CPU
		{BD9C4C3B-E072-4440-B142-E915FA698252}.Release|Any CPU.ActiveCfg = Release|Any CPU
		{BD9C4C3B-E072-4440-B142-E915FA698252}.Release|Any CPU.Build.0 = Release|Any CPU
		{61E33E99-260A-4F75-B468-4C3AC63433D2}.Debug|Any CPU.ActiveCfg = Debug|Any CPU
		{61E33E99-260A-4F75-B468-4C3AC63433D2}.Debug|Any CPU.Build.0 = Debug|Any CPU
		{61E33E99-260A-4F75-B468-4C3AC63433D2}.Release|Any CPU.ActiveCfg = Release|Any CPU
		{61E33E99-260A-4F75-B468-4C3AC63433D2}.Release|Any CPU.Build.0 = Release|Any CPU
		{C2DA7523-A12F-4DA1-9752-6293EF6385EF}.Debug|Any CPU.ActiveCfg = Debug|Any CPU
		{C2DA7523-A12F-4DA1-9752-6293EF6385EF}.Debug|Any CPU.Build.0 = Debug|Any CPU
		{C2DA7523-A12F-4DA1-9752-6293EF6385EF}.Release|Any CPU.ActiveCfg = Release|Any CPU
		{C2DA7523-A12F-4DA1-9752-6293EF6385EF}.Release|Any CPU.Build.0 = Release|Any CPU
		{2DE70D4F-DA22-4C8C-888C-35CBE9F68C18}.Debug|Any CPU.ActiveCfg = Debug|Any CPU
		{2DE70D4F-DA22-4C8C-888C-35CBE9F68C18}.Debug|Any CPU.Build.0 = Debug|Any CPU
		{2DE70D4F-DA22-4C8C-888C-35CBE9F68C18}.Release|Any CPU.ActiveCfg = Release|Any CPU
		{2DE70D4F-DA22-4C8C-888C-35CBE9F68C18}.Release|Any CPU.Build.0 = Release|Any CPU
		{789DD836-BE25-4531-9363-ED82B5F398F6}.Debug|Any CPU.ActiveCfg = Debug|Any CPU
		{789DD836-BE25-4531-9363-ED82B5F398F6}.Debug|Any CPU.Build.0 = Debug|Any CPU
		{789DD836-BE25-4531-9363-ED82B5F398F6}.Release|Any CPU.ActiveCfg = Release|Any CPU
		{789DD836-BE25-4531-9363-ED82B5F398F6}.Release|Any CPU.Build.0 = Release|Any CPU
		{5F016176-7169-4E1A-9518-3394D3EDF09E}.Debug|Any CPU.ActiveCfg = Debug|Any CPU
		{5F016176-7169-4E1A-9518-3394D3EDF09E}.Debug|Any CPU.Build.0 = Debug|Any CPU
		{5F016176-7169-4E1A-9518-3394D3EDF09E}.Release|Any CPU.ActiveCfg = Release|Any CPU
		{5F016176-7169-4E1A-9518-3394D3EDF09E}.Release|Any CPU.Build.0 = Release|Any CPU
	EndGlobalSection
	GlobalSection(SolutionProperties) = preSolution
		HideSolutionNode = FALSE
	EndGlobalSection
	GlobalSection(NestedProjects) = preSolution
		{38EF4D89-C20F-47DC-BE09-791F01A340BC} = {02EA681E-C7D8-13C7-8484-4AC65E1B71E8}
		{2DD12FD8-34C6-4A9B-9E28-633AA3AC8B7C} = {C01AAD6B-13FF-4A9C-9510-467AC23AF89E}
		{BD9C4C3B-E072-4440-B142-E915FA698252} = {87E1D4B0-AF22-4BA1-873D-11C063F6CB55}
		{61E33E99-260A-4F75-B468-4C3AC63433D2} = {02EA681E-C7D8-13C7-8484-4AC65E1B71E8}
		{C2DA7523-A12F-4DA1-9752-6293EF6385EF} = {87E1D4B0-AF22-4BA1-873D-11C063F6CB55}
		{2DE70D4F-DA22-4C8C-888C-35CBE9F68C18} = {87E1D4B0-AF22-4BA1-873D-11C063F6CB55}
		{789DD836-BE25-4531-9363-ED82B5F398F6} = {87E1D4B0-AF22-4BA1-873D-11C063F6CB55}
		{5F016176-7169-4E1A-9518-3394D3EDF09E} = {87E1D4B0-AF22-4BA1-873D-11C063F6CB55}
	EndGlobalSection
	GlobalSection(ExtensibilityGlobals) = postSolution
		SolutionGuid = {C91B52D5-9AC7-41FC-91BE-BCD281210513}
	EndGlobalSection
EndGlobal
